// !$*UTF8*$!
{
	archiveVersion = 1;
	classes = {
	};
	objectVersion = 50;
	objects = {

/* Begin PBXBuildFile section */
		7EC40B522085880E000960DF /* AppDelegate.swift in Sources */ = {isa = PBXBuildFile; fileRef = 7EC40B512085880E000960DF /* AppDelegate.swift */; };
		7EC40B542085880E000960DF /* ViewController.swift in Sources */ = {isa = PBXBuildFile; fileRef = 7EC40B532085880E000960DF /* ViewController.swift */; };
		7EC40B572085880E000960DF /* Main.storyboard in Resources */ = {isa = PBXBuildFile; fileRef = 7EC40B552085880E000960DF /* Main.storyboard */; };
		7EC40B5920858810000960DF /* Assets.xcassets in Resources */ = {isa = PBXBuildFile; fileRef = 7EC40B5820858810000960DF /* Assets.xcassets */; };
		7EC40B5C20858810000960DF /* LaunchScreen.storyboard in Resources */ = {isa = PBXBuildFile; fileRef = 7EC40B5A20858810000960DF /* LaunchScreen.storyboard */; };
		7EC40B6720858810000960DF /* ExcelJuniorDesignTests.swift in Sources */ = {isa = PBXBuildFile; fileRef = 7EC40B6620858810000960DF /* ExcelJuniorDesignTests.swift */; };
		7EC40B7220865173000960DF /* ExcelCircle.png in Resources */ = {isa = PBXBuildFile; fileRef = 7EC40B7120865173000960DF /* ExcelCircle.png */; };
		7EC40B78208663D6000960DF /* ExcelCirclecolor copy.png in Resources */ = {isa = PBXBuildFile; fileRef = 7EC40B77208663D6000960DF /* ExcelCirclecolor copy.png */; };
/* End PBXBuildFile section */

/* Begin PBXContainerItemProxy section */
		7EC40B6320858810000960DF /* PBXContainerItemProxy */ = {
			isa = PBXContainerItemProxy;
			containerPortal = 7EC40B462085880E000960DF /* Project object */;
			proxyType = 1;
			remoteGlobalIDString = 7EC40B4D2085880E000960DF;
			remoteInfo = ExcelJuniorDesign;
		};
/* End PBXContainerItemProxy section */

/* Begin PBXFileReference section */
		7EC40B4E2085880E000960DF /* ExcelJuniorDesign.app */ = {isa = PBXFileReference; explicitFileType = wrapper.application; includeInIndex = 0; path = ExcelJuniorDesign.app; sourceTree = BUILT_PRODUCTS_DIR; };
		7EC40B512085880E000960DF /* AppDelegate.swift */ = {isa = PBXFileReference; lastKnownFileType = sourcecode.swift; path = AppDelegate.swift; sourceTree = "<group>"; };
		7EC40B532085880E000960DF /* ViewController.swift */ = {isa = PBXFileReference; lastKnownFileType = sourcecode.swift; path = ViewController.swift; sourceTree = "<group>"; };
		7EC40B562085880E000960DF /* Base */ = {isa = PBXFileReference; lastKnownFileType = file.storyboard; name = Base; path = Base.lproj/Main.storyboard; sourceTree = "<group>"; };
		7EC40B5820858810000960DF /* Assets.xcassets */ = {isa = PBXFileReference; lastKnownFileType = folder.assetcatalog; path = Assets.xcassets; sourceTree = "<group>"; };
		7EC40B5B20858810000960DF /* Base */ = {isa = PBXFileReference; lastKnownFileType = file.storyboard; name = Base; path = Base.lproj/LaunchScreen.storyboard; sourceTree = "<group>"; };
		7EC40B5D20858810000960DF /* Info.plist */ = {isa = PBXFileReference; lastKnownFileType = text.plist.xml; path = Info.plist; sourceTree = "<group>"; };
		7EC40B6220858810000960DF /* ExcelJuniorDesignTests.xctest */ = {isa = PBXFileReference; explicitFileType = wrapper.cfbundle; includeInIndex = 0; path = ExcelJuniorDesignTests.xctest; sourceTree = BUILT_PRODUCTS_DIR; };
		7EC40B6620858810000960DF /* ExcelJuniorDesignTests.swift */ = {isa = PBXFileReference; lastKnownFileType = sourcecode.swift; path = ExcelJuniorDesignTests.swift; sourceTree = "<group>"; };
		7EC40B6820858810000960DF /* Info.plist */ = {isa = PBXFileReference; lastKnownFileType = text.plist.xml; path = Info.plist; sourceTree = "<group>"; };
		7EC40B7120865173000960DF /* ExcelCircle.png */ = {isa = PBXFileReference; lastKnownFileType = image.png; name = ExcelCircle.png; path = ExcelJuniorDesign/Assets.xcassets/ExcelCircle.png; sourceTree = "<group>"; };
		7EC40B77208663D6000960DF /* ExcelCirclecolor copy.png */ = {isa = PBXFileReference; lastKnownFileType = image.png; path = "ExcelCirclecolor copy.png"; sourceTree = "<group>"; };
/* End PBXFileReference section */

/* Begin PBXFrameworksBuildPhase section */
		7EC40B4B2085880E000960DF /* Frameworks */ = {
			isa = PBXFrameworksBuildPhase;
			buildActionMask = 2147483647;
			files = (
			);
			runOnlyForDeploymentPostprocessing = 0;
		};
		7EC40B5F20858810000960DF /* Frameworks */ = {
			isa = PBXFrameworksBuildPhase;
			buildActionMask = 2147483647;
			files = (
			);
			runOnlyForDeploymentPostprocessing = 0;
		};
/* End PBXFrameworksBuildPhase section */

/* Begin PBXGroup section */
		7EC40B452085880E000960DF = {
			isa = PBXGroup;
			children = (
				7EC40B77208663D6000960DF /* ExcelCirclecolor copy.png */,
				7EC40B7120865173000960DF /* ExcelCircle.png */,
				7EC40B502085880E000960DF /* ExcelJuniorDesign */,
				7EC40B6520858810000960DF /* ExcelJuniorDesignTests */,
				7EC40B4F2085880E000960DF /* Products */,
			);
			sourceTree = "<group>";
		};
		7EC40B4F2085880E000960DF /* Products */ = {
			isa = PBXGroup;
			children = (
				7EC40B4E2085880E000960DF /* ExcelJuniorDesign.app */,
				7EC40B6220858810000960DF /* ExcelJuniorDesignTests.xctest */,
			);
			name = Products;
			sourceTree = "<group>";
		};
		7EC40B502085880E000960DF /* ExcelJuniorDesign */ = {
			isa = PBXGroup;
			children = (
				7EC40B512085880E000960DF /* AppDelegate.swift */,
				7EC40B532085880E000960DF /* ViewController.swift */,
				7EC40B552085880E000960DF /* Main.storyboard */,
				7EC40B5820858810000960DF /* Assets.xcassets */,
				7EC40B5A20858810000960DF /* LaunchScreen.storyboard */,
				7EC40B5D20858810000960DF /* Info.plist */,
			);
			path = ExcelJuniorDesign;
			sourceTree = "<group>";
		};
		7EC40B6520858810000960DF /* ExcelJuniorDesignTests */ = {
			isa = PBXGroup;
			children = (
				7EC40B6620858810000960DF /* ExcelJuniorDesignTests.swift */,
				7EC40B6820858810000960DF /* Info.plist */,
			);
			path = ExcelJuniorDesignTests;
			sourceTree = "<group>";
		};
/* End PBXGroup section */

/* Begin PBXNativeTarget section */
		7EC40B4D2085880E000960DF /* ExcelJuniorDesign */ = {
			isa = PBXNativeTarget;
			buildConfigurationList = 7EC40B6B20858810000960DF /* Build configuration list for PBXNativeTarget "ExcelJuniorDesign" */;
			buildPhases = (
				7EC40B4A2085880E000960DF /* Sources */,
				7EC40B4B2085880E000960DF /* Frameworks */,
				7EC40B4C2085880E000960DF /* Resources */,
			);
			buildRules = (
			);
			dependencies = (
			);
			name = ExcelJuniorDesign;
			productName = ExcelJuniorDesign;
			productReference = 7EC40B4E2085880E000960DF /* ExcelJuniorDesign.app */;
			productType = "com.apple.product-type.application";
		};
		7EC40B6120858810000960DF /* ExcelJuniorDesignTests */ = {
			isa = PBXNativeTarget;
			buildConfigurationList = 7EC40B6E20858810000960DF /* Build configuration list for PBXNativeTarget "ExcelJuniorDesignTests" */;
			buildPhases = (
				7EC40B5E20858810000960DF /* Sources */,
				7EC40B5F20858810000960DF /* Frameworks */,
				7EC40B6020858810000960DF /* Resources */,
			);
			buildRules = (
			);
			dependencies = (
				7EC40B6420858810000960DF /* PBXTargetDependency */,
			);
			name = ExcelJuniorDesignTests;
			productName = ExcelJuniorDesignTests;
			productReference = 7EC40B6220858810000960DF /* ExcelJuniorDesignTests.xctest */;
			productType = "com.apple.product-type.bundle.unit-test";
		};
/* End PBXNativeTarget section */

/* Begin PBXProject section */
		7EC40B462085880E000960DF /* Project object */ = {
			isa = PBXProject;
			attributes = {
				KnownAssetTags = (
					s,
				);
				LastSwiftUpdateCheck = 0930;
				LastUpgradeCheck = 0930;
				TargetAttributes = {
					7EC40B4D2085880E000960DF = {
						CreatedOnToolsVersion = 9.3;
					};
					7EC40B6120858810000960DF = {
						CreatedOnToolsVersion = 9.3;
						TestTargetID = 7EC40B4D2085880E000960DF;
					};
				};
			};
			buildConfigurationList = 7EC40B492085880E000960DF /* Build configuration list for PBXProject "ExcelJuniorDesign" */;
			compatibilityVersion = "Xcode 9.3";
			developmentRegion = en;
			hasScannedForEncodings = 0;
			knownRegions = (
				en,
				Base,
			);
			mainGroup = 7EC40B452085880E000960DF;
			productRefGroup = 7EC40B4F2085880E000960DF /* Products */;
			projectDirPath = "";
			projectRoot = "";
			targets = (
				7EC40B4D2085880E000960DF /* ExcelJuniorDesign */,
				7EC40B6120858810000960DF /* ExcelJuniorDesignTests */,
			);
		};
/* End PBXProject section */

/* Begin PBXResourcesBuildPhase section */
		7EC40B4C2085880E000960DF /* Resources */ = {
			isa = PBXResourcesBuildPhase;
			buildActionMask = 2147483647;
			files = (
				7EC40B78208663D6000960DF /* ExcelCirclecolor copy.png in Resources */,
				7EC40B7220865173000960DF /* ExcelCircle.png in Resources */,
				7EC40B5C20858810000960DF /* LaunchScreen.storyboard in Resources */,
				7EC40B5920858810000960DF /* Assets.xcassets in Resources */,
				7EC40B572085880E000960DF /* Main.storyboard in Resources */,
			);
			runOnlyForDeploymentPostprocessing = 0;
		};
		7EC40B6020858810000960DF /* Resources */ = {
			isa = PBXResourcesBuildPhase;
			buildActionMask = 2147483647;
			files = (
			);
			runOnlyForDeploymentPostprocessing = 0;
		};
/* End PBXResourcesBuildPhase section */

/* Begin PBXSourcesBuildPhase section */
		7EC40B4A2085880E000960DF /* Sources */ = {
			isa = PBXSourcesBuildPhase;
			buildActionMask = 2147483647;
			files = (
				7EC40B542085880E000960DF /* ViewController.swift in Sources */,
				7EC40B522085880E000960DF /* AppDelegate.swift in Sources */,
			);
			runOnlyForDeploymentPostprocessing = 0;
		};
		7EC40B5E20858810000960DF /* Sources */ = {
			isa = PBXSourcesBuildPhase;
			buildActionMask = 2147483647;
			files = (
				7EC40B6720858810000960DF /* ExcelJuniorDesignTests.swift in Sources */,
			);
			runOnlyForDeploymentPostprocessing = 0;
		};
/* End PBXSourcesBuildPhase section */

/* Begin PBXTargetDependency section */
		7EC40B6420858810000960DF /* PBXTargetDependency */ = {
			isa = PBXTargetDependency;
			target = 7EC40B4D2085880E000960DF /* ExcelJuniorDesign */;
			targetProxy = 7EC40B6320858810000960DF /* PBXContainerItemProxy */;
		};
/* End PBXTargetDependency section */

/* Begin PBXVariantGroup section */
		7EC40B552085880E000960DF /* Main.storyboard */ = {
			isa = PBXVariantGroup;
			children = (
				7EC40B562085880E000960DF /* Base */,
			);
			name = Main.storyboard;
			sourceTree = "<group>";
		};
		7EC40B5A20858810000960DF /* LaunchScreen.storyboard */ = {
			isa = PBXVariantGroup;
			children = (
				7EC40B5B20858810000960DF /* Base */,
			);
			name = LaunchScreen.storyboard;
			sourceTree = "<group>";
		};
/* End PBXVariantGroup section */

/* Begin XCBuildConfiguration section */
		7EC40B6920858810000960DF /* Debug */ = {
			isa = XCBuildConfiguration;
			buildSettings = {
				ALWAYS_SEARCH_USER_PATHS = NO;
				CLANG_ANALYZER_NONNULL = YES;
				CLANG_ANALYZER_NUMBER_OBJECT_CONVERSION = YES_AGGRESSIVE;
				CLANG_CXX_LANGUAGE_STANDARD = "gnu++14";
				CLANG_CXX_LIBRARY = "libc++";
				CLANG_ENABLE_MODULES = YES;
				CLANG_ENABLE_OBJC_ARC = YES;
				CLANG_ENABLE_OBJC_WEAK = YES;
				CLANG_WARN_BLOCK_CAPTURE_AUTORELEASING = YES;
				CLANG_WARN_BOOL_CONVERSION = YES;
				CLANG_WARN_COMMA = YES;
				CLANG_WARN_CONSTANT_CONVERSION = YES;
				CLANG_WARN_DEPRECATED_OBJC_IMPLEMENTATIONS = YES;
				CLANG_WARN_DIRECT_OBJC_ISA_USAGE = YES_ERROR;
				CLANG_WARN_DOCUMENTATION_COMMENTS = YES;
				CLANG_WARN_EMPTY_BODY = YES;
				CLANG_WARN_ENUM_CONVERSION = YES;
				CLANG_WARN_INFINITE_RECURSION = YES;
				CLANG_WARN_INT_CONVERSION = YES;
				CLANG_WARN_NON_LITERAL_NULL_CONVERSION = YES;
				CLANG_WARN_OBJC_IMPLICIT_RETAIN_SELF = YES;
				CLANG_WARN_OBJC_LITERAL_CONVERSION = YES;
				CLANG_WARN_OBJC_ROOT_CLASS = YES_ERROR;
				CLANG_WARN_RANGE_LOOP_ANALYSIS = YES;
				CLANG_WARN_STRICT_PROTOTYPES = YES;
				CLANG_WARN_SUSPICIOUS_MOVE = YES;
				CLANG_WARN_UNGUARDED_AVAILABILITY = YES_AGGRESSIVE;
				CLANG_WARN_UNREACHABLE_CODE = YES;
				CLANG_WARN__DUPLICATE_METHOD_MATCH = YES;
				CODE_SIGN_IDENTITY = "iPhone Developer";
				COPY_PHASE_STRIP = NO;
				DEBUG_INFORMATION_FORMAT = dwarf;
				ENABLE_STRICT_OBJC_MSGSEND = YES;
				ENABLE_TESTABILITY = YES;
				GCC_C_LANGUAGE_STANDARD = gnu11;
				GCC_DYNAMIC_NO_PIC = NO;
				GCC_NO_COMMON_BLOCKS = YES;
				GCC_OPTIMIZATION_LEVEL = 0;
				GCC_PREPROCESSOR_DEFINITIONS = (
					"DEBUG=1",
					"$(inherited)",
				);
				GCC_WARN_64_TO_32_BIT_CONVERSION = YES;
				GCC_WARN_ABOUT_RETURN_TYPE = YES_ERROR;
				GCC_WARN_UNDECLARED_SELECTOR = YES;
				GCC_WARN_UNINITIALIZED_AUTOS = YES_AGGRESSIVE;
				GCC_WARN_UNUSED_FUNCTION = YES;
				GCC_WARN_UNUSED_VARIABLE = YES;
				IPHONEOS_DEPLOYMENT_TARGET = 11.3;
				MTL_ENABLE_DEBUG_INFO = YES;
				ONLY_ACTIVE_ARCH = YES;
				SDKROOT = iphoneos;
				SWIFT_ACTIVE_COMPILATION_CONDITIONS = DEBUG;
				SWIFT_OPTIMIZATION_LEVEL = "-Onone";
			};
			name = Debug;
		};
		7EC40B6A20858810000960DF /* Release */ = {
			isa = XCBuildConfiguration;
			buildSettings = {
				ALWAYS_SEARCH_USER_PATHS = NO;
				CLANG_ANALYZER_NONNULL = YES;
				CLANG_ANALYZER_NUMBER_OBJECT_CONVERSION = YES_AGGRESSIVE;
				CLANG_CXX_LANGUAGE_STANDARD = "gnu++14";
				CLANG_CXX_LIBRARY = "libc++";
				CLANG_ENABLE_MODULES = YES;
				CLANG_ENABLE_OBJC_ARC = YES;
				CLANG_ENABLE_OBJC_WEAK = YES;
				CLANG_WARN_BLOCK_CAPTURE_AUTORELEASING = YES;
				CLANG_WARN_BOOL_CONVERSION = YES;
				CLANG_WARN_COMMA = YES;
				CLANG_WARN_CONSTANT_CONVERSION = YES;
				CLANG_WARN_DEPRECATED_OBJC_IMPLEMENTATIONS = YES;
				CLANG_WARN_DIRECT_OBJC_ISA_USAGE = YES_ERROR;
				CLANG_WARN_DOCUMENTATION_COMMENTS = YES;
				CLANG_WARN_EMPTY_BODY = YES;
				CLANG_WARN_ENUM_CONVERSION = YES;
				CLANG_WARN_INFINITE_RECURSION = YES;
				CLANG_WARN_INT_CONVERSION = YES;
				CLANG_WARN_NON_LITERAL_NULL_CONVERSION = YES;
				CLANG_WARN_OBJC_IMPLICIT_RETAIN_SELF = YES;
				CLANG_WARN_OBJC_LITERAL_CONVERSION = YES;
				CLANG_WARN_OBJC_ROOT_CLASS = YES_ERROR;
				CLANG_WARN_RANGE_LOOP_ANALYSIS = YES;
				CLANG_WARN_STRICT_PROTOTYPES = YES;
				CLANG_WARN_SUSPICIOUS_MOVE = YES;
				CLANG_WARN_UNGUARDED_AVAILABILITY = YES_AGGRESSIVE;
				CLANG_WARN_UNREACHABLE_CODE = YES;
				CLANG_WARN__DUPLICATE_METHOD_MATCH = YES;
				CODE_SIGN_IDENTITY = "iPhone Developer";
				COPY_PHASE_STRIP = NO;
				DEBUG_INFORMATION_FORMAT = "dwarf-with-dsym";
				ENABLE_NS_ASSERTIONS = NO;
				ENABLE_STRICT_OBJC_MSGSEND = YES;
				GCC_C_LANGUAGE_STANDARD = gnu11;
				GCC_NO_COMMON_BLOCKS = YES;
				GCC_WARN_64_TO_32_BIT_CONVERSION = YES;
				GCC_WARN_ABOUT_RETURN_TYPE = YES_ERROR;
				GCC_WARN_UNDECLARED_SELECTOR = YES;
				GCC_WARN_UNINITIALIZED_AUTOS = YES_AGGRESSIVE;
				GCC_WARN_UNUSED_FUNCTION = YES;
				GCC_WARN_UNUSED_VARIABLE = YES;
				IPHONEOS_DEPLOYMENT_TARGET = 11.3;
				MTL_ENABLE_DEBUG_INFO = NO;
				SDKROOT = iphoneos;
				SWIFT_COMPILATION_MODE = wholemodule;
				SWIFT_OPTIMIZATION_LEVEL = "-O";
				VALIDATE_PRODUCT = YES;
			};
			name = Release;
		};
		7EC40B6C20858810000960DF /* Debug */ = {
			isa = XCBuildConfiguration;
			buildSettings = {
				ASSETCATALOG_COMPILER_APPICON_NAME = AppIcon;
				CODE_SIGN_STYLE = Automatic;
				INFOPLIST_FILE = ExcelJuniorDesign/Info.plist;
				LD_RUNPATH_SEARCH_PATHS = (
					"$(inherited)",
					"@executable_path/Frameworks",
				);
				PRODUCT_BUNDLE_IDENTIFIER = JD8100.ExcelJuniorDesign;
				PRODUCT_NAME = "$(TARGET_NAME)";
				SWIFT_VERSION = 4.0;
				TARGETED_DEVICE_FAMILY = "1,2";
			};
			name = Debug;
		};
		7EC40B6D20858810000960DF /* Release */ = {
			isa = XCBuildConfiguration;
			buildSettings = {
				ASSETCATALOG_COMPILER_APPICON_NAME = AppIcon;
				CODE_SIGN_STYLE = Automatic;
				INFOPLIST_FILE = ExcelJuniorDesign/Info.plist;
				LD_RUNPATH_SEARCH_PATHS = (
					"$(inherited)",
					"@executable_path/Frameworks",
				);
				PRODUCT_BUNDLE_IDENTIFIER = JD8100.ExcelJuniorDesign;
				PRODUCT_NAME = "$(TARGET_NAME)";
				SWIFT_VERSION = 4.0;
				TARGETED_DEVICE_FAMILY = "1,2";
			};
			name = Release;
		};
		7EC40B6F20858810000960DF /* Debug */ = {
			isa = XCBuildConfiguration;
			buildSettings = {
				ALWAYS_EMBED_SWIFT_STANDARD_LIBRARIES = YES;
				BUNDLE_LOADER = "$(TEST_HOST)";
				CODE_SIGN_STYLE = Automatic;
				INFOPLIST_FILE = ExcelJuniorDesignTests/Info.plist;
				LD_RUNPATH_SEARCH_PATHS = (
					"$(inherited)",
					"@executable_path/Frameworks",
					"@loader_path/Frameworks",
				);
				PRODUCT_BUNDLE_IDENTIFIER = JD8100.ExcelJuniorDesignTests;
				PRODUCT_NAME = "$(TARGET_NAME)";
				SWIFT_VERSION = 4.0;
				TARGETED_DEVICE_FAMILY = "1,2";
				TEST_HOST = "$(BUILT_PRODUCTS_DIR)/ExcelJuniorDesign.app/ExcelJuniorDesign";
			};
			name = Debug;
		};
		7EC40B7020858810000960DF /* Release */ = {
			isa = XCBuildConfiguration;
			buildSettings = {
				ALWAYS_EMBED_SWIFT_STANDARD_LIBRARIES = YES;
				BUNDLE_LOADER = "$(TEST_HOST)";
				CODE_SIGN_STYLE = Automatic;
				INFOPLIST_FILE = ExcelJuniorDesignTests/Info.plist;
				LD_RUNPATH_SEARCH_PATHS = (
					"$(inherited)",
					"@executable_path/Frameworks",
					"@loader_path/Frameworks",
				);
				PRODUCT_BUNDLE_IDENTIFIER = JD8100.ExcelJuniorDesignTests;
				PRODUCT_NAME = "$(TARGET_NAME)";
				SWIFT_VERSION = 4.0;
				TARGETED_DEVICE_FAMILY = "1,2";
				TEST_HOST = "$(BUILT_PRODUCTS_DIR)/ExcelJuniorDesign.app/ExcelJuniorDesign";
			};
			name = Release;
		};
/* End XCBuildConfiguration section */

/* Begin XCConfigurationList section */
		7EC40B492085880E000960DF /* Build configuration list for PBXProject "ExcelJuniorDesign" */ = {
			isa = XCConfigurationList;
			buildConfigurations = (
				7EC40B6920858810000960DF /* Debug */,
				7EC40B6A20858810000960DF /* Release */,
			);
			defaultConfigurationIsVisible = 0;
			defaultConfigurationName = Release;
		};
		7EC40B6B20858810000960DF /* Build configuration list for PBXNativeTarget "ExcelJuniorDesign" */ = {
			isa = XCConfigurationList;
			buildConfigurations = (
				7EC40B6C20858810000960DF /* Debug */,
				7EC40B6D20858810000960DF /* Release */,
			);
			defaultConfigurationIsVisible = 0;
			defaultConfigurationName = Release;
		};
		7EC40B6E20858810000960DF /* Build configuration list for PBXNativeTarget "ExcelJuniorDesignTests" */ = {
			isa = XCConfigurationList;
			buildConfigurations = (
				7EC40B6F20858810000960DF /* Debug */,
				7EC40B7020858810000960DF /* Release */,
			);
			defaultConfigurationIsVisible = 0;
			defaultConfigurationName = Release;
		};
/* End XCConfigurationList section */
	};
	rootObject = 7EC40B462085880E000960DF /* Project object */;
}
